
Microsoft Visual Studio Solution File, Format Version 12.00
# Visual Studio Version 16
VisualStudioVersion = 16.0.29503.13
MinimumVisualStudioVersion = 10.0.40219.1
Project("{FAE04EC0-301F-11D3-BF4B-00C04F79EFBC}") = "ElGamal", "ElGamal\ElGamal.csproj", "{20F32B45-A796-457B-A357-8E7FBEB04366}"
EndProject
Global
	GlobalSection(SolutionConfigurationPlatforms) = preSolution
		Debug|Any CPU = Debug|Any CPU
		Release|Any CPU = Release|Any CPU
	EndGlobalSection
	GlobalSection(ProjectConfigurationPlatforms) = postSolution
		{20F32B45-A796-457B-A357-8E7FBEB04366}.Debug|Any CPU.ActiveCfg = Debug|Any CPU
		{20F32B45-A796-457B-A357-8E7FBEB04366}.Debug|Any CPU.Build.0 = Debug|Any CPU
		{20F32B45-A796-457B-A357-8E7FBEB04366}.Release|Any CPU.ActiveCfg = Release|Any CPU
		{20F32B45-A796-457B-A357-8E7FBEB04366}.Release|Any CPU.Build.0 = Release|Any CPU
	EndGlobalSection
	GlobalSection(SolutionProperties) = preSolution
		HideSolutionNode = FALSE
	EndGlobalSection
	GlobalSection(ExtensibilityGlobals) = postSolution
		SolutionGuid = {895A11BD-C3F5-4292-83A3-36BE378646D8}
	EndGlobalSection
EndGlobal
